// !$*UTF8*$!
{
	archiveVersion = 1;
	classes = {
	};
	objectVersion = 46;
	objects = {

/* Begin PBXBuildFile section */
		9467E8EA13BA1B5C0096E7D6 /* UIKit.framework in Frameworks */ = {isa = PBXBuildFile; fileRef = 9467E8E913BA1B5C0096E7D6 /* UIKit.framework */; };
		9467E8EC13BA1B5C0096E7D6 /* Foundation.framework in Frameworks */ = {isa = PBXBuildFile; fileRef = 9467E8EB13BA1B5C0096E7D6 /* Foundation.framework */; };
		9467E8EE13BA1B5C0096E7D6 /* CoreGraphics.framework in Frameworks */ = {isa = PBXBuildFile; fileRef = 9467E8ED13BA1B5C0096E7D6 /* CoreGraphics.framework */; };
		9467E8F413BA1B5C0096E7D6 /* InfoPlist.strings in Resources */ = {isa = PBXBuildFile; fileRef = 9467E8F213BA1B5C0096E7D6 /* InfoPlist.strings */; };
		9467E8F713BA1B5C0096E7D6 /* main.m in Sources */ = {isa = PBXBuildFile; fileRef = 9467E8F613BA1B5C0096E7D6 /* main.m */; };
		9467E8FA13BA1B5C0096E7D6 /* HttpButtonAppDelegate.m in Sources */ = {isa = PBXBuildFile; fileRef = 9467E8F913BA1B5C0096E7D6 /* HttpButtonAppDelegate.m */; };
		9467E8FD13BA1B5C0096E7D6 /* MainWindow.xib in Resources */ = {isa = PBXBuildFile; fileRef = 9467E8FB13BA1B5C0096E7D6 /* MainWindow.xib */; };
		9467E90D13BA1F0A0096E7D6 /* MainViewController.m in Sources */ = {isa = PBXBuildFile; fileRef = 9467E90C13BA1F0A0096E7D6 /* MainViewController.m */; };
/* End PBXBuildFile section */

/* Begin PBXFileReference section */
		9467E8E513BA1B5C0096E7D6 /* HttpButton.app */ = {isa = PBXFileReference; explicitFileType = wrapper.application; includeInIndex = 0; path = HttpButton.app; sourceTree = BUILT_PRODUCTS_DIR; };
		9467E8E913BA1B5C0096E7D6 /* UIKit.framework */ = {isa = PBXFileReference; lastKnownFileType = wrapper.framework; name = UIKit.framework; path = System/Library/Frameworks/UIKit.framework; sourceTree = SDKROOT; };
		9467E8EB13BA1B5C0096E7D6 /* Foundation.framework */ = {isa = PBXFileReference; lastKnownFileType = wrapper.framework; name = Foundation.framework; path = System/Library/Frameworks/Foundation.framework; sourceTree = SDKROOT; };
		9467E8ED13BA1B5C0096E7D6 /* CoreGraphics.framework */ = {isa = PBXFileReference; lastKnownFileType = wrapper.framework; name = CoreGraphics.framework; path = System/Library/Frameworks/CoreGraphics.framework; sourceTree = SDKROOT; };
		9467E8F113BA1B5C0096E7D6 /* HttpButton-Info.plist */ = {isa = PBXFileReference; lastKnownFileType = text.plist.xml; path = "HttpButton-Info.plist"; sourceTree = "<group>"; };
		9467E8F313BA1B5C0096E7D6 /* en */ = {isa = PBXFileReference; lastKnownFileType = text.plist.strings; name = en; path = en.lproj/InfoPlist.strings; sourceTree = "<group>"; };
		9467E8F513BA1B5C0096E7D6 /* HttpButton-Prefix.pch */ = {isa = PBXFileReference; lastKnownFileType = sourcecode.c.h; path = "HttpButton-Prefix.pch"; sourceTree = "<group>"; };
		9467E8F613BA1B5C0096E7D6 /* main.m */ = {isa = PBXFileReference; lastKnownFileType = sourcecode.c.objc; path = main.m; sourceTree = "<group>"; };
		9467E8F813BA1B5C0096E7D6 /* HttpButtonAppDelegate.h */ = {isa = PBXFileReference; lastKnownFileType = sourcecode.c.h; path = HttpButtonAppDelegate.h; sourceTree = "<group>"; };
		9467E8F913BA1B5C0096E7D6 /* HttpButtonAppDelegate.m */ = {isa = PBXFileReference; lastKnownFileType = sourcecode.c.objc; path = HttpButtonAppDelegate.m; sourceTree = "<group>"; };
		9467E8FC13BA1B5C0096E7D6 /* en */ = {isa = PBXFileReference; lastKnownFileType = file.xib; name = en; path = en.lproj/MainWindow.xib; sourceTree = "<group>"; };
		9467E90B13BA1F0A0096E7D6 /* MainViewController.h */ = {isa = PBXFileReference; fileEncoding = 4; lastKnownFileType = sourcecode.c.h; name = MainViewController.h; path = ViewControllers/MainViewController.h; sourceTree = "<group>"; };
		9467E90C13BA1F0A0096E7D6 /* MainViewController.m */ = {isa = PBXFileReference; fileEncoding = 4; lastKnownFileType = sourcecode.c.objc; name = MainViewController.m; path = ViewControllers/MainViewController.m; sourceTree = "<group>"; };
/* End PBXFileReference section */

/* Begin PBXFrameworksBuildPhase section */
		9467E8E213BA1B5C0096E7D6 /* Frameworks */ = {
			isa = PBXFrameworksBuildPhase;
			buildActionMask = 2147483647;
			files = (
				9467E8EA13BA1B5C0096E7D6 /* UIKit.framework in Frameworks */,
				9467E8EC13BA1B5C0096E7D6 /* Foundation.framework in Frameworks */,
				9467E8EE13BA1B5C0096E7D6 /* CoreGraphics.framework in Frameworks */,
			);
			runOnlyForDeploymentPostprocessing = 0;
		};
/* End PBXFrameworksBuildPhase section */

/* Begin PBXGroup section */
		9467E8DA13BA1B5C0096E7D6 = {
			isa = PBXGroup;
			children = (
				9467E8EF13BA1B5C0096E7D6 /* HttpButton */,
				9467E8E813BA1B5C0096E7D6 /* Frameworks */,
				9467E8E613BA1B5C0096E7D6 /* Products */,
			);
			sourceTree = "<group>";
		};
		9467E8E613BA1B5C0096E7D6 /* Products */ = {
			isa = PBXGroup;
			children = (
				9467E8E513BA1B5C0096E7D6 /* HttpButton.app */,
			);
			name = Products;
			sourceTree = "<group>";
		};
		9467E8E813BA1B5C0096E7D6 /* Frameworks */ = {
			isa = PBXGroup;
			children = (
				9467E8E913BA1B5C0096E7D6 /* UIKit.framework */,
				9467E8EB13BA1B5C0096E7D6 /* Foundation.framework */,
				9467E8ED13BA1B5C0096E7D6 /* CoreGraphics.framework */,
			);
			name = Frameworks;
			sourceTree = "<group>";
		};
		9467E8EF13BA1B5C0096E7D6 /* HttpButton */ = {
			isa = PBXGroup;
			children = (
				9467E8F813BA1B5C0096E7D6 /* HttpButtonAppDelegate.h */,
				9467E8F913BA1B5C0096E7D6 /* HttpButtonAppDelegate.m */,
				9467E8FB13BA1B5C0096E7D6 /* MainWindow.xib */,
				9467E8F013BA1B5C0096E7D6 /* Supporting Files */,
				9467E90E13BA1F110096E7D6 /* View Controllers */,
			);
			path = HttpButton;
			sourceTree = "<group>";
		};
		9467E8F013BA1B5C0096E7D6 /* Supporting Files */ = {
			isa = PBXGroup;
			children = (
				9467E8F113BA1B5C0096E7D6 /* HttpButton-Info.plist */,
				9467E8F213BA1B5C0096E7D6 /* InfoPlist.strings */,
				9467E8F513BA1B5C0096E7D6 /* HttpButton-Prefix.pch */,
				9467E8F613BA1B5C0096E7D6 /* main.m */,
			);
			name = "Supporting Files";
			sourceTree = "<group>";
		};
		9467E90E13BA1F110096E7D6 /* View Controllers */ = {
			isa = PBXGroup;
			children = (
				9467E90B13BA1F0A0096E7D6 /* MainViewController.h */,
				9467E90C13BA1F0A0096E7D6 /* MainViewController.m */,
			);
			name = "View Controllers";
			sourceTree = "<group>";
		};
/* End PBXGroup section */

/* Begin PBXNativeTarget section */
		9467E8E413BA1B5C0096E7D6 /* HttpButton */ = {
			isa = PBXNativeTarget;
			buildConfigurationList = 9467E90013BA1B5C0096E7D6 /* Build configuration list for PBXNativeTarget "HttpButton" */;
			buildPhases = (
				9467E8E113BA1B5C0096E7D6 /* Sources */,
				9467E8E213BA1B5C0096E7D6 /* Frameworks */,
				9467E8E313BA1B5C0096E7D6 /* Resources */,
			);
			buildRules = (
			);
			dependencies = (
			);
			name = HttpButton;
			productName = HttpButton;
			productReference = 9467E8E513BA1B5C0096E7D6 /* HttpButton.app */;
			productType = "com.apple.product-type.application";
		};
/* End PBXNativeTarget section */

/* Begin PBXProject section */
		9467E8DC13BA1B5C0096E7D6 /* Project object */ = {
			isa = PBXProject;
			attributes = {
				ORGANIZATIONNAME = "Ryan Luce";
			};
			buildConfigurationList = 9467E8DF13BA1B5C0096E7D6 /* Build configuration list for PBXProject "HttpButton" */;
			compatibilityVersion = "Xcode 3.2";
			developmentRegion = English;
			hasScannedForEncodings = 0;
			knownRegions = (
				en,
			);
			mainGroup = 9467E8DA13BA1B5C0096E7D6;
			productRefGroup = 9467E8E613BA1B5C0096E7D6 /* Products */;
			projectDirPath = "";
			projectRoot = "";
			targets = (
				9467E8E413BA1B5C0096E7D6 /* HttpButton */,
			);
		};
/* End PBXProject section */

/* Begin PBXResourcesBuildPhase section */
		9467E8E313BA1B5C0096E7D6 /* Resources */ = {
			isa = PBXResourcesBuildPhase;
			buildActionMask = 2147483647;
			files = (
				9467E8F413BA1B5C0096E7D6 /* InfoPlist.strings in Resources */,
				9467E8FD13BA1B5C0096E7D6 /* MainWindow.xib in Resources */,
			);
			runOnlyForDeploymentPostprocessing = 0;
		};
/* End PBXResourcesBuildPhase section */

/* Begin PBXSourcesBuildPhase section */
		9467E8E113BA1B5C0096E7D6 /* Sources */ = {
			isa = PBXSourcesBuildPhase;
			buildActionMask = 2147483647;
			files = (
				9467E8F713BA1B5C0096E7D6 /* main.m in Sources */,
				9467E8FA13BA1B5C0096E7D6 /* HttpButtonAppDelegate.m in Sources */,
				9467E90D13BA1F0A0096E7D6 /* MainViewController.m in Sources */,
			);
			runOnlyForDeploymentPostprocessing = 0;
		};
/* End PBXSourcesBuildPhase section */

/* Begin PBXVariantGroup section */
		9467E8F213BA1B5C0096E7D6 /* InfoPlist.strings */ = {
			isa = PBXVariantGroup;
			children = (
				9467E8F313BA1B5C0096E7D6 /* en */,
			);
			name = InfoPlist.strings;
			sourceTree = "<group>";
		};
		9467E8FB13BA1B5C0096E7D6 /* MainWindow.xib */ = {
			isa = PBXVariantGroup;
			children = (
				9467E8FC13BA1B5C0096E7D6 /* en */,
			);
			name = MainWindow.xib;
			sourceTree = "<group>";
		};
/* End PBXVariantGroup section */

/* Begin XCBuildConfiguration section */
		9467E8FE13BA1B5C0096E7D6 /* Debug */ = {
			isa = XCBuildConfiguration;
			buildSettings = {
				ARCHS = "$(ARCHS_STANDARD_32_BIT)";
				"CODE_SIGN_IDENTITY[sdk=iphoneos*]" = "iPhone Developer";
				GCC_C_LANGUAGE_STANDARD = gnu99;
				GCC_OPTIMIZATION_LEVEL = 0;
				GCC_PREPROCESSOR_DEFINITIONS = DEBUG;
				GCC_SYMBOLS_PRIVATE_EXTERN = NO;
				GCC_VERSION = com.apple.compilers.llvmgcc42;
				GCC_WARN_ABOUT_RETURN_TYPE = YES;
				GCC_WARN_UNUSED_VARIABLE = YES;
				IPHONEOS_DEPLOYMENT_TARGET = 4.0;
				SDKROOT = iphoneos;
			};
			name = Debug;
		};
		9467E8FF13BA1B5C0096E7D6 /* Release */ = {
			isa = XCBuildConfiguration;
			buildSettings = {
				ARCHS = "$(ARCHS_STANDARD_32_BIT)";
				"CODE_SIGN_IDENTITY[sdk=iphoneos*]" = "iPhone Developer";
				GCC_C_LANGUAGE_STANDARD = gnu99;
				GCC_VERSION = com.apple.compilers.llvmgcc42;
				GCC_WARN_ABOUT_RETURN_TYPE = YES;
				GCC_WARN_UNUSED_VARIABLE = YES;
				IPHONEOS_DEPLOYMENT_TARGET = 4.0;
				OTHER_CFLAGS = "-DNS_BLOCK_ASSERTIONS=1";
				SDKROOT = iphoneos;
			};
			name = Release;
		};
		9467E90113BA1B5C0096E7D6 /* Debug */ = {
			isa = XCBuildConfiguration;
			buildSettings = {
				ALWAYS_SEARCH_USER_PATHS = NO;
				COPY_PHASE_STRIP = NO;
				GCC_DYNAMIC_NO_PIC = NO;
				GCC_PRECOMPILE_PREFIX_HEADER = YES;
				GCC_PREFIX_HEADER = "HttpButton/HttpButton-Prefix.pch";
				INFOPLIST_FILE = "HttpButton/HttpButton-Info.plist";
				PRODUCT_NAME = "$(TARGET_NAME)";
				WRAPPER_EXTENSION = app;
			};
			name = Debug;
		};
		9467E90213BA1B5C0096E7D6 /* Release */ = {
			isa = XCBuildConfiguration;
			buildSettings = {
				ALWAYS_SEARCH_USER_PATHS = NO;
				COPY_PHASE_STRIP = YES;
				GCC_PRECOMPILE_PREFIX_HEADER = YES;
				GCC_PREFIX_HEADER = "HttpButton/HttpButton-Prefix.pch";
				INFOPLIST_FILE = "HttpButton/HttpButton-Info.plist";
				PRODUCT_NAME = "$(TARGET_NAME)";
				VALIDATE_PRODUCT = YES;
				WRAPPER_EXTENSION = app;
			};
			name = Release;
		};
/* End XCBuildConfiguration section */

/* Begin XCConfigurationList section */
		9467E8DF13BA1B5C0096E7D6 /* Build configuration list for PBXProject "HttpButton" */ = {
			isa = XCConfigurationList;
			buildConfigurations = (
				9467E8FE13BA1B5C0096E7D6 /* Debug */,
				9467E8FF13BA1B5C0096E7D6 /* Release */,
			);
			defaultConfigurationIsVisible = 0;
			defaultConfigurationName = Release;
		};
		9467E90013BA1B5C0096E7D6 /* Build configuration list for PBXNativeTarget "HttpButton" */ = {
			isa = XCConfigurationList;
			buildConfigurations = (
				9467E90113BA1B5C0096E7D6 /* Debug */,
				9467E90213BA1B5C0096E7D6 /* Release */,
			);
			defaultConfigurationIsVisible = 0;
		};
/* End XCConfigurationList section */
	};
	rootObject = 9467E8DC13BA1B5C0096E7D6 /* Project object */;
}
